
Microsoft Visual Studio Solution File, Format Version 12.00
# Visual Studio Version 17
VisualStudioVersion = 17.0.31903.59
MinimumVisualStudioVersion = 10.0.40219.1
Project("{2150E333-8FDC-42A3-9474-1A3956D46DE8}") = "src", "src", "{CD87C2C7-8CF7-4642-B347-466FA0F6C211}"
EndProject
Project("{FAE04EC0-301F-11D3-BF4B-00C04F79EFBC}") = "Api", "src\Api\Api.csproj", "{1E97968E-B6CA-4D67-AC8B-7CE0B50065AD}"
EndProject
Project("{FAE04EC0-301F-11D3-BF4B-00C04F79EFBC}") = "Abstractions", "src\Abstractions\Abstractions.csproj", "{5A0784B3-CCBB-484F-BD5D-9CFD2B515043}"
EndProject
Project("{FAE04EC0-301F-11D3-BF4B-00C04F79EFBC}") = "Storage", "src\Storage\Storage.csproj", "{05EC0D18-4D96-412C-951F-2AEE84DF35BD}"
EndProject
Project("{2150E333-8FDC-42A3-9474-1A3956D46DE8}") = "plugins", "plugins", "{2E767C55-182A-4D48-91CF-A4D20B0489C4}"
EndProject
Project("{2150E333-8FDC-42A3-9474-1A3956D46DE8}") = "HuntingtonBank", "HuntingtonBank", "{111A2B63-1574-485C-B48E-98210BEC68E8}"
EndProject
Project("{2150E333-8FDC-42A3-9474-1A3956D46DE8}") = "src", "src", "{714C2AC0-D1B4-4AF0-A9E0-93CED02AE002}"
EndProject
Project("{FAE04EC0-301F-11D3-BF4B-00C04F79EFBC}") = "HuntingtonBank", "plugins\HuntingtonBank\src\HuntingtonBank\HuntingtonBank.csproj", "{50C86BDF-F383-470A-80D9-3237FC80F1B7}"
EndProject
Project("{2150E333-8FDC-42A3-9474-1A3956D46DE8}") = "ConsumersCreditUnion", "ConsumersCreditUnion", "{8E3CBC01-65C7-495E-87EC-CEB98EE03C69}"
EndProject
Project("{2150E333-8FDC-42A3-9474-1A3956D46DE8}") = "src", "src", "{BD02B08F-5873-438C-BECF-23CC47317F97}"
EndProject
Project("{FAE04EC0-301F-11D3-BF4B-00C04F79EFBC}") = "ConsumersCreditUnion", "plugins\ConsumersCreditUnion\src\ConsumersCreditUnion\ConsumersCreditUnion.csproj", "{EDF02569-C510-40B4-BF65-146E10D6EB9F}"
EndProject
Project("{2150E333-8FDC-42A3-9474-1A3956D46DE8}") = "Guideline", "Guideline", "{4F40D997-EAC8-4017-8E18-96C39448070D}"
EndProject
Project("{2150E333-8FDC-42A3-9474-1A3956D46DE8}") = "test", "test", "{ECB55373-A6B6-46DB-9063-34E38717F072}"
EndProject
Project("{FAE04EC0-301F-11D3-BF4B-00C04F79EFBC}") = "Guideline.Tests", "plugins\Guideline\test\Guideline.Tests\Guideline.Tests.csproj", "{2E8E7E7B-7C5B-462B-AAF2-D2144DA2EF5A}"
EndProject
Project("{2150E333-8FDC-42A3-9474-1A3956D46DE8}") = "test", "test", "{4BBBD281-A67C-4683-B2EA-25E8E92E02EC}"
EndProject
Project("{FAE04EC0-301F-11D3-BF4B-00C04F79EFBC}") = "Api.Tests", "test\Api.Tests\Api.Tests.csproj", "{9F5824DE-36AF-4B78-A066-EA12D99A92B2}"
EndProject
Global
	GlobalSection(SolutionConfigurationPlatforms) = preSolution
		Debug|Any CPU = Debug|Any CPU
		Release|Any CPU = Release|Any CPU
	EndGlobalSection
	GlobalSection(SolutionProperties) = preSolution
		HideSolutionNode = FALSE
	EndGlobalSection
	GlobalSection(ProjectConfigurationPlatforms) = postSolution
		{1E97968E-B6CA-4D67-AC8B-7CE0B50065AD}.Debug|Any CPU.ActiveCfg = Debug|Any CPU
		{1E97968E-B6CA-4D67-AC8B-7CE0B50065AD}.Debug|Any CPU.Build.0 = Debug|Any CPU
		{1E97968E-B6CA-4D67-AC8B-7CE0B50065AD}.Release|Any CPU.ActiveCfg = Release|Any CPU
		{1E97968E-B6CA-4D67-AC8B-7CE0B50065AD}.Release|Any CPU.Build.0 = Release|Any CPU
		{5A0784B3-CCBB-484F-BD5D-9CFD2B515043}.Debug|Any CPU.ActiveCfg = Debug|Any CPU
		{5A0784B3-CCBB-484F-BD5D-9CFD2B515043}.Debug|Any CPU.Build.0 = Debug|Any CPU
		{5A0784B3-CCBB-484F-BD5D-9CFD2B515043}.Release|Any CPU.ActiveCfg = Release|Any CPU
		{5A0784B3-CCBB-484F-BD5D-9CFD2B515043}.Release|Any CPU.Build.0 = Release|Any CPU
		{05EC0D18-4D96-412C-951F-2AEE84DF35BD}.Debug|Any CPU.ActiveCfg = Debug|Any CPU
		{05EC0D18-4D96-412C-951F-2AEE84DF35BD}.Debug|Any CPU.Build.0 = Debug|Any CPU
		{05EC0D18-4D96-412C-951F-2AEE84DF35BD}.Release|Any CPU.ActiveCfg = Release|Any CPU
		{05EC0D18-4D96-412C-951F-2AEE84DF35BD}.Release|Any CPU.Build.0 = Release|Any CPU
		{50C86BDF-F383-470A-80D9-3237FC80F1B7}.Debug|Any CPU.ActiveCfg = Debug|Any CPU
		{50C86BDF-F383-470A-80D9-3237FC80F1B7}.Debug|Any CPU.Build.0 = Debug|Any CPU
		{50C86BDF-F383-470A-80D9-3237FC80F1B7}.Release|Any CPU.ActiveCfg = Release|Any CPU
		{50C86BDF-F383-470A-80D9-3237FC80F1B7}.Release|Any CPU.Build.0 = Release|Any CPU
		{EDF02569-C510-40B4-BF65-146E10D6EB9F}.Debug|Any CPU.ActiveCfg = Debug|Any CPU
		{EDF02569-C510-40B4-BF65-146E10D6EB9F}.Debug|Any CPU.Build.0 = Debug|Any CPU
		{EDF02569-C510-40B4-BF65-146E10D6EB9F}.Release|Any CPU.ActiveCfg = Release|Any CPU
		{EDF02569-C510-40B4-BF65-146E10D6EB9F}.Release|Any CPU.Build.0 = Release|Any CPU
		{2E8E7E7B-7C5B-462B-AAF2-D2144DA2EF5A}.Debug|Any CPU.ActiveCfg = Debug|Any CPU
		{2E8E7E7B-7C5B-462B-AAF2-D2144DA2EF5A}.Debug|Any CPU.Build.0 = Debug|Any CPU
		{2E8E7E7B-7C5B-462B-AAF2-D2144DA2EF5A}.Release|Any CPU.ActiveCfg = Release|Any CPU
		{2E8E7E7B-7C5B-462B-AAF2-D2144DA2EF5A}.Release|Any CPU.Build.0 = Release|Any CPU
		{9F5824DE-36AF-4B78-A066-EA12D99A92B2}.Debug|Any CPU.ActiveCfg = Debug|Any CPU
		{9F5824DE-36AF-4B78-A066-EA12D99A92B2}.Debug|Any CPU.Build.0 = Debug|Any CPU
		{9F5824DE-36AF-4B78-A066-EA12D99A92B2}.Release|Any CPU.ActiveCfg = Release|Any CPU
		{9F5824DE-36AF-4B78-A066-EA12D99A92B2}.Release|Any CPU.Build.0 = Release|Any CPU
	EndGlobalSection
	GlobalSection(NestedProjects) = preSolution
		{1E97968E-B6CA-4D67-AC8B-7CE0B50065AD} = {CD87C2C7-8CF7-4642-B347-466FA0F6C211}
		{5A0784B3-CCBB-484F-BD5D-9CFD2B515043} = {CD87C2C7-8CF7-4642-B347-466FA0F6C211}
		{05EC0D18-4D96-412C-951F-2AEE84DF35BD} = {CD87C2C7-8CF7-4642-B347-466FA0F6C211}
		{111A2B63-1574-485C-B48E-98210BEC68E8} = {2E767C55-182A-4D48-91CF-A4D20B0489C4}
		{714C2AC0-D1B4-4AF0-A9E0-93CED02AE002} = {111A2B63-1574-485C-B48E-98210BEC68E8}
		{50C86BDF-F383-470A-80D9-3237FC80F1B7} = {714C2AC0-D1B4-4AF0-A9E0-93CED02AE002}
		{8E3CBC01-65C7-495E-87EC-CEB98EE03C69} = {2E767C55-182A-4D48-91CF-A4D20B0489C4}
		{BD02B08F-5873-438C-BECF-23CC47317F97} = {8E3CBC01-65C7-495E-87EC-CEB98EE03C69}
		{EDF02569-C510-40B4-BF65-146E10D6EB9F} = {BD02B08F-5873-438C-BECF-23CC47317F97}
		{4F40D997-EAC8-4017-8E18-96C39448070D} = {2E767C55-182A-4D48-91CF-A4D20B0489C4}
		{ECB55373-A6B6-46DB-9063-34E38717F072} = {4F40D997-EAC8-4017-8E18-96C39448070D}
		{2E8E7E7B-7C5B-462B-AAF2-D2144DA2EF5A} = {ECB55373-A6B6-46DB-9063-34E38717F072}
		{9F5824DE-36AF-4B78-A066-EA12D99A92B2} = {4BBBD281-A67C-4683-B2EA-25E8E92E02EC}
	EndGlobalSection
EndGlobal
